
Microsoft Visual Studio Solution File, Format Version 12.00
# Visual Studio Version 16
VisualStudioVersion = 16.0.30907.101
MinimumVisualStudioVersion = 10.0.40219.1
Project("{9A19103F-16F7-4668-BE54-9A1E7A4F7556}") = "InterfaceAbstractDemo", "InterfaceAbstractDemo\InterfaceAbstractDemo.csproj", "{EFB23C98-0608-40C3-AD75-B1AF874A65A5}"
EndProject
Project("{FAE04EC0-301F-11D3-BF4B-00C04F79EFBC}") = "GameProject", "GameProject\GameProject.csproj", "{7808B0EA-9A64-4538-945D-82875DB1E1F3}"
EndProject
Global
	GlobalSection(SolutionConfigurationPlatforms) = preSolution
		Debug|Any CPU = Debug|Any CPU
		Release|Any CPU = Release|Any CPU
	EndGlobalSection
	GlobalSection(ProjectConfigurationPlatforms) = postSolution
		{EFB23C98-0608-40C3-AD75-B1AF874A65A5}.Debug|Any CPU.ActiveCfg = Debug|Any CPU
		{EFB23C98-0608-40C3-AD75-B1AF874A65A5}.Debug|Any CPU.Build.0 = Debug|Any CPU
		{EFB23C98-0608-40C3-AD75-B1AF874A65A5}.Release|Any CPU.ActiveCfg = Release|Any CPU
		{EFB23C98-0608-40C3-AD75-B1AF874A65A5}.Release|Any CPU.Build.0 = Release|Any CPU
		{7808B0EA-9A64-4538-945D-82875DB1E1F3}.Debug|Any CPU.ActiveCfg = Debug|Any CPU
		{7808B0EA-9A64-4538-945D-82875DB1E1F3}.Debug|Any CPU.Build.0 = Debug|Any CPU
		{7808B0EA-9A64-4538-945D-82875DB1E1F3}.Release|Any CPU.ActiveCfg = Release|Any CPU
		{7808B0EA-9A64-4538-945D-82875DB1E1F3}.Release|Any CPU.Build.0 = Release|Any CPU
	EndGlobalSection
	GlobalSection(SolutionProperties) = preSolution
		HideSolutionNode = FALSE
	EndGlobalSection
	GlobalSection(ExtensibilityGlobals) = postSolution
		SolutionGuid = {19BBAE14-F7D4-40B6-AA16-9BE8DB1C8089}
	EndGlobalSection
EndGlobal
